
Microsoft Visual Studio Solution File, Format Version 10.00
# Visual Studio 2008
Project("{FAE04EC0-301F-11D3-BF4B-00C04F79EFBC}") = "Project075", "Project075\Project075.csproj", "{48E3A3BE-01B9-461B-9317-785A54CC24DC}"
EndProject
Global
	GlobalSection(SolutionConfigurationPlatforms) = preSolution
		Debug|Any CPU = Debug|Any CPU
		Release|Any CPU = Release|Any CPU
	EndGlobalSection
	GlobalSection(ProjectConfigurationPlatforms) = postSolution
		{48E3A3BE-01B9-461B-9317-785A54CC24DC}.Debug|Any CPU.ActiveCfg = Debug|Any CPU
		{48E3A3BE-01B9-461B-9317-785A54CC24DC}.Debug|Any CPU.Build.0 = Debug|Any CPU
		{48E3A3BE-01B9-461B-9317-785A54CC24DC}.Release|Any CPU.ActiveCfg = Release|Any CPU
		{48E3A3BE-01B9-461B-9317-785A54CC24DC}.Release|Any CPU.Build.0 = Release|Any CPU
	EndGlobalSection
	GlobalSection(SolutionProperties) = preSolution
		HideSolutionNode = FALSE
	EndGlobalSection
EndGlobal
