
Microsoft Visual Studio Solution File, Format Version 10.00
# Visual Studio 2008
Project("{FAE04EC0-301F-11D3-BF4B-00C04F79EFBC}") = "Project115", "Project115\Project115.csproj", "{9FE7BBD7-F350-4A0F-AA8B-D1F7CC5DF084}"
EndProject
Global
	GlobalSection(SolutionConfigurationPlatforms) = preSolution
		Debug|Any CPU = Debug|Any CPU
		Release|Any CPU = Release|Any CPU
	EndGlobalSection
	GlobalSection(ProjectConfigurationPlatforms) = postSolution
		{9FE7BBD7-F350-4A0F-AA8B-D1F7CC5DF084}.Debug|Any CPU.ActiveCfg = Debug|Any CPU
		{9FE7BBD7-F350-4A0F-AA8B-D1F7CC5DF084}.Debug|Any CPU.Build.0 = Debug|Any CPU
		{9FE7BBD7-F350-4A0F-AA8B-D1F7CC5DF084}.Release|Any CPU.ActiveCfg = Release|Any CPU
		{9FE7BBD7-F350-4A0F-AA8B-D1F7CC5DF084}.Release|Any CPU.Build.0 = Release|Any CPU
	EndGlobalSection
	GlobalSection(SolutionProperties) = preSolution
		HideSolutionNode = FALSE
	EndGlobalSection
EndGlobal
