
Microsoft Visual Studio Solution File, Format Version 10.00
# Visual Studio 2008
Project("{FAE04EC0-301F-11D3-BF4B-00C04F79EFBC}") = "Project099", "Project099\Project099.csproj", "{ED4069BF-621B-46FE-9154-CA2A95AA8251}"
EndProject
Global
	GlobalSection(SolutionConfigurationPlatforms) = preSolution
		Debug|Any CPU = Debug|Any CPU
		Release|Any CPU = Release|Any CPU
	EndGlobalSection
	GlobalSection(ProjectConfigurationPlatforms) = postSolution
		{ED4069BF-621B-46FE-9154-CA2A95AA8251}.Debug|Any CPU.ActiveCfg = Debug|Any CPU
		{ED4069BF-621B-46FE-9154-CA2A95AA8251}.Debug|Any CPU.Build.0 = Debug|Any CPU
		{ED4069BF-621B-46FE-9154-CA2A95AA8251}.Release|Any CPU.ActiveCfg = Release|Any CPU
		{ED4069BF-621B-46FE-9154-CA2A95AA8251}.Release|Any CPU.Build.0 = Release|Any CPU
	EndGlobalSection
	GlobalSection(SolutionProperties) = preSolution
		HideSolutionNode = FALSE
	EndGlobalSection
EndGlobal
