
Microsoft Visual Studio Solution File, Format Version 9.00
# Visual Studio 2005
Project("{FAE04EC0-301F-11D3-BF4B-00C04F79EFBC}") = "Project038", "Project038\Project038.csproj", "{B2869CFF-9D98-4608-B718-0A92DC81AD07}"
EndProject
Global
	GlobalSection(SolutionConfigurationPlatforms) = preSolution
		Debug|Any CPU = Debug|Any CPU
		Release|Any CPU = Release|Any CPU
	EndGlobalSection
	GlobalSection(ProjectConfigurationPlatforms) = postSolution
		{B2869CFF-9D98-4608-B718-0A92DC81AD07}.Debug|Any CPU.ActiveCfg = Debug|Any CPU
		{B2869CFF-9D98-4608-B718-0A92DC81AD07}.Debug|Any CPU.Build.0 = Debug|Any CPU
		{B2869CFF-9D98-4608-B718-0A92DC81AD07}.Release|Any CPU.ActiveCfg = Release|Any CPU
		{B2869CFF-9D98-4608-B718-0A92DC81AD07}.Release|Any CPU.Build.0 = Release|Any CPU
	EndGlobalSection
	GlobalSection(SolutionProperties) = preSolution
		HideSolutionNode = FALSE
	EndGlobalSection
EndGlobal
