
Microsoft Visual Studio Solution File, Format Version 10.00
# Visual Studio 2008
Project("{FAE04EC0-301F-11D3-BF4B-00C04F79EFBC}") = "Project172", "Project172\Project172.csproj", "{9DB77E8C-985C-4E0A-B373-4893385CFB0C}"
EndProject
Global
	GlobalSection(SolutionConfigurationPlatforms) = preSolution
		Debug|Any CPU = Debug|Any CPU
		Release|Any CPU = Release|Any CPU
	EndGlobalSection
	GlobalSection(ProjectConfigurationPlatforms) = postSolution
		{9DB77E8C-985C-4E0A-B373-4893385CFB0C}.Debug|Any CPU.ActiveCfg = Debug|Any CPU
		{9DB77E8C-985C-4E0A-B373-4893385CFB0C}.Debug|Any CPU.Build.0 = Debug|Any CPU
		{9DB77E8C-985C-4E0A-B373-4893385CFB0C}.Release|Any CPU.ActiveCfg = Release|Any CPU
		{9DB77E8C-985C-4E0A-B373-4893385CFB0C}.Release|Any CPU.Build.0 = Release|Any CPU
	EndGlobalSection
	GlobalSection(SolutionProperties) = preSolution
		HideSolutionNode = FALSE
	EndGlobalSection
EndGlobal
