
Microsoft Visual Studio Solution File, Format Version 9.00
# Visual Studio 2005
Project("{FAE04EC0-301F-11D3-BF4B-00C04F79EFBC}") = "Project060", "Project060\Project060.csproj", "{FC137BDD-EB9F-478C-8922-692186D24EBC}"
EndProject
Global
	GlobalSection(SolutionConfigurationPlatforms) = preSolution
		Debug|Any CPU = Debug|Any CPU
		Release|Any CPU = Release|Any CPU
	EndGlobalSection
	GlobalSection(ProjectConfigurationPlatforms) = postSolution
		{FC137BDD-EB9F-478C-8922-692186D24EBC}.Debug|Any CPU.ActiveCfg = Debug|Any CPU
		{FC137BDD-EB9F-478C-8922-692186D24EBC}.Debug|Any CPU.Build.0 = Debug|Any CPU
		{FC137BDD-EB9F-478C-8922-692186D24EBC}.Release|Any CPU.ActiveCfg = Release|Any CPU
		{FC137BDD-EB9F-478C-8922-692186D24EBC}.Release|Any CPU.Build.0 = Release|Any CPU
	EndGlobalSection
	GlobalSection(SolutionProperties) = preSolution
		HideSolutionNode = FALSE
	EndGlobalSection
EndGlobal
