
Microsoft Visual Studio Solution File, Format Version 10.00
# Visual Studio 2008
Project("{FAE04EC0-301F-11D3-BF4B-00C04F79EFBC}") = "Project180_total", "Project180_total\Project180_total.csproj", "{A6D36D07-C72D-4B98-ABEE-873A3B47D445}"
EndProject
Global
	GlobalSection(SolutionConfigurationPlatforms) = preSolution
		Debug|Any CPU = Debug|Any CPU
		Release|Any CPU = Release|Any CPU
	EndGlobalSection
	GlobalSection(ProjectConfigurationPlatforms) = postSolution
		{A6D36D07-C72D-4B98-ABEE-873A3B47D445}.Debug|Any CPU.ActiveCfg = Debug|Any CPU
		{A6D36D07-C72D-4B98-ABEE-873A3B47D445}.Debug|Any CPU.Build.0 = Debug|Any CPU
		{A6D36D07-C72D-4B98-ABEE-873A3B47D445}.Release|Any CPU.ActiveCfg = Release|Any CPU
		{A6D36D07-C72D-4B98-ABEE-873A3B47D445}.Release|Any CPU.Build.0 = Release|Any CPU
	EndGlobalSection
	GlobalSection(SolutionProperties) = preSolution
		HideSolutionNode = FALSE
	EndGlobalSection
EndGlobal
