
Microsoft Visual Studio Solution File, Format Version 10.00
# Visual Studio 2008
Project("{FAE04EC0-301F-11D3-BF4B-00C04F79EFBC}") = "Project176", "Project176\Project176.csproj", "{C2DDE197-777B-4AA0-AF54-121568EDC2C5}"
EndProject
Global
	GlobalSection(SolutionConfigurationPlatforms) = preSolution
		Debug|Any CPU = Debug|Any CPU
		Release|Any CPU = Release|Any CPU
	EndGlobalSection
	GlobalSection(ProjectConfigurationPlatforms) = postSolution
		{C2DDE197-777B-4AA0-AF54-121568EDC2C5}.Debug|Any CPU.ActiveCfg = Debug|Any CPU
		{C2DDE197-777B-4AA0-AF54-121568EDC2C5}.Debug|Any CPU.Build.0 = Debug|Any CPU
		{C2DDE197-777B-4AA0-AF54-121568EDC2C5}.Release|Any CPU.ActiveCfg = Release|Any CPU
		{C2DDE197-777B-4AA0-AF54-121568EDC2C5}.Release|Any CPU.Build.0 = Release|Any CPU
	EndGlobalSection
	GlobalSection(SolutionProperties) = preSolution
		HideSolutionNode = FALSE
	EndGlobalSection
EndGlobal
