
Microsoft Visual Studio Solution File, Format Version 10.00
# Visual Studio 2008
Project("{FAE04EC0-301F-11D3-BF4B-00C04F79EFBC}") = "Project087", "Project087\Project087.csproj", "{BA1E06A0-4F5C-49FB-B2B5-971A06B947F9}"
EndProject
Global
	GlobalSection(SolutionConfigurationPlatforms) = preSolution
		Debug|Any CPU = Debug|Any CPU
		Release|Any CPU = Release|Any CPU
	EndGlobalSection
	GlobalSection(ProjectConfigurationPlatforms) = postSolution
		{BA1E06A0-4F5C-49FB-B2B5-971A06B947F9}.Debug|Any CPU.ActiveCfg = Debug|Any CPU
		{BA1E06A0-4F5C-49FB-B2B5-971A06B947F9}.Debug|Any CPU.Build.0 = Debug|Any CPU
		{BA1E06A0-4F5C-49FB-B2B5-971A06B947F9}.Release|Any CPU.ActiveCfg = Release|Any CPU
		{BA1E06A0-4F5C-49FB-B2B5-971A06B947F9}.Release|Any CPU.Build.0 = Release|Any CPU
	EndGlobalSection
	GlobalSection(SolutionProperties) = preSolution
		HideSolutionNode = FALSE
	EndGlobalSection
EndGlobal
