
Microsoft Visual Studio Solution File, Format Version 9.00
# Visual Studio 2005
Project("{FAE04EC0-301F-11D3-BF4B-00C04F79EFBC}") = "Project011", "Project011\Project011.csproj", "{1651D4CB-B846-42A9-A573-E93F9EE8A691}"
EndProject
Global
	GlobalSection(SolutionConfigurationPlatforms) = preSolution
		Debug|Any CPU = Debug|Any CPU
		Release|Any CPU = Release|Any CPU
	EndGlobalSection
	GlobalSection(ProjectConfigurationPlatforms) = postSolution
		{1651D4CB-B846-42A9-A573-E93F9EE8A691}.Debug|Any CPU.ActiveCfg = Debug|Any CPU
		{1651D4CB-B846-42A9-A573-E93F9EE8A691}.Debug|Any CPU.Build.0 = Debug|Any CPU
		{1651D4CB-B846-42A9-A573-E93F9EE8A691}.Release|Any CPU.ActiveCfg = Release|Any CPU
		{1651D4CB-B846-42A9-A573-E93F9EE8A691}.Release|Any CPU.Build.0 = Release|Any CPU
	EndGlobalSection
	GlobalSection(SolutionProperties) = preSolution
		HideSolutionNode = FALSE
	EndGlobalSection
EndGlobal
