
Microsoft Visual Studio Solution File, Format Version 10.00
# Visual Studio 2008
Project("{FAE04EC0-301F-11D3-BF4B-00C04F79EFBC}") = "Project129", "Project129\Project129.csproj", "{FA99F9E0-4A67-4AEF-B2E8-8C5BD1C9B774}"
EndProject
Global
	GlobalSection(SolutionConfigurationPlatforms) = preSolution
		Debug|Any CPU = Debug|Any CPU
		Release|Any CPU = Release|Any CPU
	EndGlobalSection
	GlobalSection(ProjectConfigurationPlatforms) = postSolution
		{FA99F9E0-4A67-4AEF-B2E8-8C5BD1C9B774}.Debug|Any CPU.ActiveCfg = Debug|Any CPU
		{FA99F9E0-4A67-4AEF-B2E8-8C5BD1C9B774}.Debug|Any CPU.Build.0 = Debug|Any CPU
		{FA99F9E0-4A67-4AEF-B2E8-8C5BD1C9B774}.Release|Any CPU.ActiveCfg = Release|Any CPU
		{FA99F9E0-4A67-4AEF-B2E8-8C5BD1C9B774}.Release|Any CPU.Build.0 = Release|Any CPU
	EndGlobalSection
	GlobalSection(SolutionProperties) = preSolution
		HideSolutionNode = FALSE
	EndGlobalSection
EndGlobal
