
Microsoft Visual Studio Solution File, Format Version 9.00
# Visual Studio 2005
Project("{FAE04EC0-301F-11D3-BF4B-00C04F79EFBC}") = "Project021", "Project021\Project021.csproj", "{C9C63419-E6B5-4C0A-8AF9-C264B4F3E99E}"
EndProject
Global
	GlobalSection(SolutionConfigurationPlatforms) = preSolution
		Debug|Any CPU = Debug|Any CPU
		Release|Any CPU = Release|Any CPU
	EndGlobalSection
	GlobalSection(ProjectConfigurationPlatforms) = postSolution
		{C9C63419-E6B5-4C0A-8AF9-C264B4F3E99E}.Debug|Any CPU.ActiveCfg = Debug|Any CPU
		{C9C63419-E6B5-4C0A-8AF9-C264B4F3E99E}.Debug|Any CPU.Build.0 = Debug|Any CPU
		{C9C63419-E6B5-4C0A-8AF9-C264B4F3E99E}.Release|Any CPU.ActiveCfg = Release|Any CPU
		{C9C63419-E6B5-4C0A-8AF9-C264B4F3E99E}.Release|Any CPU.Build.0 = Release|Any CPU
	EndGlobalSection
	GlobalSection(SolutionProperties) = preSolution
		HideSolutionNode = FALSE
	EndGlobalSection
EndGlobal
