
Microsoft Visual Studio Solution File, Format Version 9.00
# Visual Studio 2005
Project("{FAE04EC0-301F-11D3-BF4B-00C04F79EFBC}") = "Project104", "Project104\Project104.csproj", "{B5039E35-6BDE-4178-9776-109F73E5C5B7}"
EndProject
Global
	GlobalSection(SolutionConfigurationPlatforms) = preSolution
		Debug|Any CPU = Debug|Any CPU
		Release|Any CPU = Release|Any CPU
	EndGlobalSection
	GlobalSection(ProjectConfigurationPlatforms) = postSolution
		{B5039E35-6BDE-4178-9776-109F73E5C5B7}.Debug|Any CPU.ActiveCfg = Debug|Any CPU
		{B5039E35-6BDE-4178-9776-109F73E5C5B7}.Debug|Any CPU.Build.0 = Debug|Any CPU
		{B5039E35-6BDE-4178-9776-109F73E5C5B7}.Release|Any CPU.ActiveCfg = Release|Any CPU
		{B5039E35-6BDE-4178-9776-109F73E5C5B7}.Release|Any CPU.Build.0 = Release|Any CPU
	EndGlobalSection
	GlobalSection(SolutionProperties) = preSolution
		HideSolutionNode = FALSE
	EndGlobalSection
EndGlobal
