
Microsoft Visual Studio Solution File, Format Version 10.00
# Visual Studio 2008
Project("{FAE04EC0-301F-11D3-BF4B-00C04F79EFBC}") = "Project042", "Project042\Project042.csproj", "{055BC0F3-CA20-4FE9-9990-0456642F1BFB}"
EndProject
Global
	GlobalSection(SolutionConfigurationPlatforms) = preSolution
		Debug|Any CPU = Debug|Any CPU
		Release|Any CPU = Release|Any CPU
	EndGlobalSection
	GlobalSection(ProjectConfigurationPlatforms) = postSolution
		{055BC0F3-CA20-4FE9-9990-0456642F1BFB}.Debug|Any CPU.ActiveCfg = Debug|Any CPU
		{055BC0F3-CA20-4FE9-9990-0456642F1BFB}.Debug|Any CPU.Build.0 = Debug|Any CPU
		{055BC0F3-CA20-4FE9-9990-0456642F1BFB}.Release|Any CPU.ActiveCfg = Release|Any CPU
		{055BC0F3-CA20-4FE9-9990-0456642F1BFB}.Release|Any CPU.Build.0 = Release|Any CPU
	EndGlobalSection
	GlobalSection(SolutionProperties) = preSolution
		HideSolutionNode = FALSE
	EndGlobalSection
EndGlobal
