
Microsoft Visual Studio Solution File, Format Version 12.00
# Visual Studio Version 16
VisualStudioVersion = 16.0.28606.126
MinimumVisualStudioVersion = 10.0.40219.1
Project("{FAE04EC0-301F-11D3-BF4B-00C04F79EFBC}") = "Project057", "Project057\Project057.csproj", "{250DC587-00FE-4299-8F5B-9E2A7ECA4155}"
EndProject
Global
	GlobalSection(SolutionConfigurationPlatforms) = preSolution
		Debug|Any CPU = Debug|Any CPU
		Release|Any CPU = Release|Any CPU
	EndGlobalSection
	GlobalSection(ProjectConfigurationPlatforms) = postSolution
		{250DC587-00FE-4299-8F5B-9E2A7ECA4155}.Debug|Any CPU.ActiveCfg = Debug|Any CPU
		{250DC587-00FE-4299-8F5B-9E2A7ECA4155}.Debug|Any CPU.Build.0 = Debug|Any CPU
		{250DC587-00FE-4299-8F5B-9E2A7ECA4155}.Release|Any CPU.ActiveCfg = Release|Any CPU
		{250DC587-00FE-4299-8F5B-9E2A7ECA4155}.Release|Any CPU.Build.0 = Release|Any CPU
	EndGlobalSection
	GlobalSection(SolutionProperties) = preSolution
		HideSolutionNode = FALSE
	EndGlobalSection
	GlobalSection(ExtensibilityGlobals) = postSolution
		SolutionGuid = {FBD0E78F-BADB-4C2A-8FD7-6B71F2D32C56}
	EndGlobalSection
EndGlobal
