
Microsoft Visual Studio Solution File, Format Version 10.00
# Visual Studio 2008
Project("{FAE04EC0-301F-11D3-BF4B-00C04F79EFBC}") = "Project005", "Project005\Project005.csproj", "{FB439957-E87F-4EA1-B91C-FE9A7997649A}"
EndProject
Global
	GlobalSection(SolutionConfigurationPlatforms) = preSolution
		Debug|Any CPU = Debug|Any CPU
		Release|Any CPU = Release|Any CPU
	EndGlobalSection
	GlobalSection(ProjectConfigurationPlatforms) = postSolution
		{FB439957-E87F-4EA1-B91C-FE9A7997649A}.Debug|Any CPU.ActiveCfg = Debug|Any CPU
		{FB439957-E87F-4EA1-B91C-FE9A7997649A}.Debug|Any CPU.Build.0 = Debug|Any CPU
		{FB439957-E87F-4EA1-B91C-FE9A7997649A}.Release|Any CPU.ActiveCfg = Release|Any CPU
		{FB439957-E87F-4EA1-B91C-FE9A7997649A}.Release|Any CPU.Build.0 = Release|Any CPU
	EndGlobalSection
	GlobalSection(SolutionProperties) = preSolution
		HideSolutionNode = FALSE
	EndGlobalSection
EndGlobal
