
Microsoft Visual Studio Solution File, Format Version 10.00
# Visual Studio 2008
Project("{FAE04EC0-301F-11D3-BF4B-00C04F79EFBC}") = "Project100", "Project100\Project100.csproj", "{228130B5-D4C8-48C2-BE12-5981205BAD31}"
EndProject
Global
	GlobalSection(SolutionConfigurationPlatforms) = preSolution
		Debug|Any CPU = Debug|Any CPU
		Release|Any CPU = Release|Any CPU
	EndGlobalSection
	GlobalSection(ProjectConfigurationPlatforms) = postSolution
		{228130B5-D4C8-48C2-BE12-5981205BAD31}.Debug|Any CPU.ActiveCfg = Debug|Any CPU
		{228130B5-D4C8-48C2-BE12-5981205BAD31}.Debug|Any CPU.Build.0 = Debug|Any CPU
		{228130B5-D4C8-48C2-BE12-5981205BAD31}.Release|Any CPU.ActiveCfg = Release|Any CPU
		{228130B5-D4C8-48C2-BE12-5981205BAD31}.Release|Any CPU.Build.0 = Release|Any CPU
	EndGlobalSection
	GlobalSection(SolutionProperties) = preSolution
		HideSolutionNode = FALSE
	EndGlobalSection
EndGlobal
