
Microsoft Visual Studio Solution File, Format Version 10.00
# Visual Studio 2008
Project("{FAE04EC0-301F-11D3-BF4B-00C04F79EFBC}") = "Project057", "Project057\Project057.csproj", "{B839E476-10C2-40A9-A91E-C3F3DE317C13}"
EndProject
Global
	GlobalSection(SolutionConfigurationPlatforms) = preSolution
		Debug|Any CPU = Debug|Any CPU
		Release|Any CPU = Release|Any CPU
	EndGlobalSection
	GlobalSection(ProjectConfigurationPlatforms) = postSolution
		{B839E476-10C2-40A9-A91E-C3F3DE317C13}.Debug|Any CPU.ActiveCfg = Debug|Any CPU
		{B839E476-10C2-40A9-A91E-C3F3DE317C13}.Debug|Any CPU.Build.0 = Debug|Any CPU
		{B839E476-10C2-40A9-A91E-C3F3DE317C13}.Release|Any CPU.ActiveCfg = Release|Any CPU
		{B839E476-10C2-40A9-A91E-C3F3DE317C13}.Release|Any CPU.Build.0 = Release|Any CPU
	EndGlobalSection
	GlobalSection(SolutionProperties) = preSolution
		HideSolutionNode = FALSE
	EndGlobalSection
EndGlobal
