
Microsoft Visual Studio Solution File, Format Version 10.00
# Visual Studio 2008
Project("{FAE04EC0-301F-11D3-BF4B-00C04F79EFBC}") = "Project069", "Project069\Project069.csproj", "{B3486367-8235-4BF8-8658-193C381E9F3D}"
EndProject
Global
	GlobalSection(SolutionConfigurationPlatforms) = preSolution
		Debug|Any CPU = Debug|Any CPU
		Release|Any CPU = Release|Any CPU
	EndGlobalSection
	GlobalSection(ProjectConfigurationPlatforms) = postSolution
		{B3486367-8235-4BF8-8658-193C381E9F3D}.Debug|Any CPU.ActiveCfg = Debug|Any CPU
		{B3486367-8235-4BF8-8658-193C381E9F3D}.Debug|Any CPU.Build.0 = Debug|Any CPU
		{B3486367-8235-4BF8-8658-193C381E9F3D}.Release|Any CPU.ActiveCfg = Release|Any CPU
		{B3486367-8235-4BF8-8658-193C381E9F3D}.Release|Any CPU.Build.0 = Release|Any CPU
	EndGlobalSection
	GlobalSection(SolutionProperties) = preSolution
		HideSolutionNode = FALSE
	EndGlobalSection
EndGlobal
