
Microsoft Visual Studio Solution File, Format Version 10.00
# Visual Studio 2008
Project("{FAE04EC0-301F-11D3-BF4B-00C04F79EFBC}") = "Project066", "Project066\Project066.csproj", "{85982D4D-36F8-41B0-946F-427400939161}"
EndProject
Global
	GlobalSection(SolutionConfigurationPlatforms) = preSolution
		Debug|Any CPU = Debug|Any CPU
		Release|Any CPU = Release|Any CPU
	EndGlobalSection
	GlobalSection(ProjectConfigurationPlatforms) = postSolution
		{85982D4D-36F8-41B0-946F-427400939161}.Debug|Any CPU.ActiveCfg = Debug|Any CPU
		{85982D4D-36F8-41B0-946F-427400939161}.Debug|Any CPU.Build.0 = Debug|Any CPU
		{85982D4D-36F8-41B0-946F-427400939161}.Release|Any CPU.ActiveCfg = Release|Any CPU
		{85982D4D-36F8-41B0-946F-427400939161}.Release|Any CPU.Build.0 = Release|Any CPU
	EndGlobalSection
	GlobalSection(SolutionProperties) = preSolution
		HideSolutionNode = FALSE
	EndGlobalSection
EndGlobal
