
Microsoft Visual Studio Solution File, Format Version 9.00
# Visual Studio 2005
Project("{FAE04EC0-301F-11D3-BF4B-00C04F79EFBC}") = "MagicFactoryProject", "MagicFactoryProject\MagicFactoryProject.csproj", "{9CDB0704-5FBB-4E6F-8A9A-AA8D0729BF40}"
EndProject
Global
	GlobalSection(SolutionConfigurationPlatforms) = preSolution
		Debug|Any CPU = Debug|Any CPU
		Release|Any CPU = Release|Any CPU
	EndGlobalSection
	GlobalSection(ProjectConfigurationPlatforms) = postSolution
		{9CDB0704-5FBB-4E6F-8A9A-AA8D0729BF40}.Debug|Any CPU.ActiveCfg = Debug|Any CPU
		{9CDB0704-5FBB-4E6F-8A9A-AA8D0729BF40}.Debug|Any CPU.Build.0 = Debug|Any CPU
		{9CDB0704-5FBB-4E6F-8A9A-AA8D0729BF40}.Release|Any CPU.ActiveCfg = Release|Any CPU
		{9CDB0704-5FBB-4E6F-8A9A-AA8D0729BF40}.Release|Any CPU.Build.0 = Release|Any CPU
	EndGlobalSection
	GlobalSection(SolutionProperties) = preSolution
		HideSolutionNode = FALSE
	EndGlobalSection
EndGlobal
