
Microsoft Visual Studio Solution File, Format Version 10.00
# Visual Studio 2008
Project("{FAE04EC0-301F-11D3-BF4B-00C04F79EFBC}") = "Project101", "Project101\Project101.csproj", "{75529396-4A2D-4F8F-A155-BDE207FB4834}"
EndProject
Global
	GlobalSection(SolutionConfigurationPlatforms) = preSolution
		Debug|Any CPU = Debug|Any CPU
		Release|Any CPU = Release|Any CPU
	EndGlobalSection
	GlobalSection(ProjectConfigurationPlatforms) = postSolution
		{75529396-4A2D-4F8F-A155-BDE207FB4834}.Debug|Any CPU.ActiveCfg = Debug|Any CPU
		{75529396-4A2D-4F8F-A155-BDE207FB4834}.Debug|Any CPU.Build.0 = Debug|Any CPU
		{75529396-4A2D-4F8F-A155-BDE207FB4834}.Release|Any CPU.ActiveCfg = Release|Any CPU
		{75529396-4A2D-4F8F-A155-BDE207FB4834}.Release|Any CPU.Build.0 = Release|Any CPU
	EndGlobalSection
	GlobalSection(SolutionProperties) = preSolution
		HideSolutionNode = FALSE
	EndGlobalSection
EndGlobal
