
Microsoft Visual Studio Solution File, Format Version 10.00
# Visual Studio 2008
Project("{FAE04EC0-301F-11D3-BF4B-00C04F79EFBC}") = "Project150", "Project150\Project150.csproj", "{7362C3E3-1FAD-48BF-A9D5-27D701B8B64B}"
EndProject
Global
	GlobalSection(SolutionConfigurationPlatforms) = preSolution
		Debug|Any CPU = Debug|Any CPU
		Release|Any CPU = Release|Any CPU
	EndGlobalSection
	GlobalSection(ProjectConfigurationPlatforms) = postSolution
		{7362C3E3-1FAD-48BF-A9D5-27D701B8B64B}.Debug|Any CPU.ActiveCfg = Debug|Any CPU
		{7362C3E3-1FAD-48BF-A9D5-27D701B8B64B}.Debug|Any CPU.Build.0 = Debug|Any CPU
		{7362C3E3-1FAD-48BF-A9D5-27D701B8B64B}.Release|Any CPU.ActiveCfg = Release|Any CPU
		{7362C3E3-1FAD-48BF-A9D5-27D701B8B64B}.Release|Any CPU.Build.0 = Release|Any CPU
	EndGlobalSection
	GlobalSection(SolutionProperties) = preSolution
		HideSolutionNode = FALSE
	EndGlobalSection
EndGlobal
