
Microsoft Visual Studio Solution File, Format Version 9.00
# Visual Studio 2005
Project("{FAE04EC0-301F-11D3-BF4B-00C04F79EFBC}") = "WebBrowserProject01", "WebBrowserProject01\WebBrowserProject01.csproj", "{88D62508-7BAD-4CAA-91C7-F572CF4FBDFC}"
EndProject
Global
	GlobalSection(SolutionConfigurationPlatforms) = preSolution
		Debug|Any CPU = Debug|Any CPU
		Release|Any CPU = Release|Any CPU
	EndGlobalSection
	GlobalSection(ProjectConfigurationPlatforms) = postSolution
		{88D62508-7BAD-4CAA-91C7-F572CF4FBDFC}.Debug|Any CPU.ActiveCfg = Debug|Any CPU
		{88D62508-7BAD-4CAA-91C7-F572CF4FBDFC}.Debug|Any CPU.Build.0 = Debug|Any CPU
		{88D62508-7BAD-4CAA-91C7-F572CF4FBDFC}.Release|Any CPU.ActiveCfg = Release|Any CPU
		{88D62508-7BAD-4CAA-91C7-F572CF4FBDFC}.Release|Any CPU.Build.0 = Release|Any CPU
	EndGlobalSection
	GlobalSection(SolutionProperties) = preSolution
		HideSolutionNode = FALSE
	EndGlobalSection
EndGlobal
