
Microsoft Visual Studio Solution File, Format Version 9.00
# Visual Studio 2005
Project("{FAE04EC0-301F-11D3-BF4B-00C04F79EFBC}") = "Project116", "Project116\Project116.csproj", "{53A569B1-772F-4F02-937E-07A6EFB25DCC}"
EndProject
Global
	GlobalSection(SolutionConfigurationPlatforms) = preSolution
		Debug|Any CPU = Debug|Any CPU
		Release|Any CPU = Release|Any CPU
	EndGlobalSection
	GlobalSection(ProjectConfigurationPlatforms) = postSolution
		{53A569B1-772F-4F02-937E-07A6EFB25DCC}.Debug|Any CPU.ActiveCfg = Debug|Any CPU
		{53A569B1-772F-4F02-937E-07A6EFB25DCC}.Debug|Any CPU.Build.0 = Debug|Any CPU
		{53A569B1-772F-4F02-937E-07A6EFB25DCC}.Release|Any CPU.ActiveCfg = Release|Any CPU
		{53A569B1-772F-4F02-937E-07A6EFB25DCC}.Release|Any CPU.Build.0 = Release|Any CPU
	EndGlobalSection
	GlobalSection(SolutionProperties) = preSolution
		HideSolutionNode = FALSE
	EndGlobalSection
EndGlobal
