
Microsoft Visual Studio Solution File, Format Version 10.00
# Visual Studio 2008
Project("{FAE04EC0-301F-11D3-BF4B-00C04F79EFBC}") = "Project014", "Project014\Project014.csproj", "{CF38C8A9-9633-4825-9E44-7564E6D31D20}"
EndProject
Global
	GlobalSection(SolutionConfigurationPlatforms) = preSolution
		Debug|Any CPU = Debug|Any CPU
		Release|Any CPU = Release|Any CPU
	EndGlobalSection
	GlobalSection(ProjectConfigurationPlatforms) = postSolution
		{CF38C8A9-9633-4825-9E44-7564E6D31D20}.Debug|Any CPU.ActiveCfg = Debug|Any CPU
		{CF38C8A9-9633-4825-9E44-7564E6D31D20}.Debug|Any CPU.Build.0 = Debug|Any CPU
		{CF38C8A9-9633-4825-9E44-7564E6D31D20}.Release|Any CPU.ActiveCfg = Release|Any CPU
		{CF38C8A9-9633-4825-9E44-7564E6D31D20}.Release|Any CPU.Build.0 = Release|Any CPU
	EndGlobalSection
	GlobalSection(SolutionProperties) = preSolution
		HideSolutionNode = FALSE
	EndGlobalSection
EndGlobal
