
Microsoft Visual Studio Solution File, Format Version 9.00
# Visual Studio 2005
Project("{FAE04EC0-301F-11D3-BF4B-00C04F79EFBC}") = "WinGodori", "WinGodori\WinGodori.csproj", "{712C208F-FE02-4119-BD49-FC70C78D3DBA}"
EndProject
Global
	GlobalSection(SolutionConfigurationPlatforms) = preSolution
		Debug|Any CPU = Debug|Any CPU
		Release|Any CPU = Release|Any CPU
	EndGlobalSection
	GlobalSection(ProjectConfigurationPlatforms) = postSolution
		{712C208F-FE02-4119-BD49-FC70C78D3DBA}.Debug|Any CPU.ActiveCfg = Debug|Any CPU
		{712C208F-FE02-4119-BD49-FC70C78D3DBA}.Debug|Any CPU.Build.0 = Debug|Any CPU
		{712C208F-FE02-4119-BD49-FC70C78D3DBA}.Release|Any CPU.ActiveCfg = Release|Any CPU
		{712C208F-FE02-4119-BD49-FC70C78D3DBA}.Release|Any CPU.Build.0 = Release|Any CPU
	EndGlobalSection
	GlobalSection(SolutionProperties) = preSolution
		HideSolutionNode = FALSE
	EndGlobalSection
EndGlobal
