
Microsoft Visual Studio Solution File, Format Version 12.00
# Visual Studio Version 16
VisualStudioVersion = 16.0.28606.126
MinimumVisualStudioVersion = 10.0.40219.1
Project("{FAE04EC0-301F-11D3-BF4B-00C04F79EFBC}") = "Project066", "Project066\Project066.csproj", "{054F0B27-C229-43EF-A638-786F9457FDD4}"
EndProject
Global
	GlobalSection(SolutionConfigurationPlatforms) = preSolution
		Debug|Any CPU = Debug|Any CPU
		Release|Any CPU = Release|Any CPU
	EndGlobalSection
	GlobalSection(ProjectConfigurationPlatforms) = postSolution
		{054F0B27-C229-43EF-A638-786F9457FDD4}.Debug|Any CPU.ActiveCfg = Debug|Any CPU
		{054F0B27-C229-43EF-A638-786F9457FDD4}.Debug|Any CPU.Build.0 = Debug|Any CPU
		{054F0B27-C229-43EF-A638-786F9457FDD4}.Release|Any CPU.ActiveCfg = Release|Any CPU
		{054F0B27-C229-43EF-A638-786F9457FDD4}.Release|Any CPU.Build.0 = Release|Any CPU
	EndGlobalSection
	GlobalSection(SolutionProperties) = preSolution
		HideSolutionNode = FALSE
	EndGlobalSection
	GlobalSection(ExtensibilityGlobals) = postSolution
		SolutionGuid = {9ADD0FD0-EB75-4F79-99B7-8A38439A08CE}
	EndGlobalSection
EndGlobal
