
Microsoft Visual Studio Solution File, Format Version 10.00
# Visual Studio 2008
Project("{FAE04EC0-301F-11D3-BF4B-00C04F79EFBC}") = "Project104", "Project104\Project104.csproj", "{BCEAFD63-F455-4F4D-9052-789FC07328FB}"
EndProject
Global
	GlobalSection(SolutionConfigurationPlatforms) = preSolution
		Debug|Any CPU = Debug|Any CPU
		Release|Any CPU = Release|Any CPU
	EndGlobalSection
	GlobalSection(ProjectConfigurationPlatforms) = postSolution
		{BCEAFD63-F455-4F4D-9052-789FC07328FB}.Debug|Any CPU.ActiveCfg = Debug|Any CPU
		{BCEAFD63-F455-4F4D-9052-789FC07328FB}.Debug|Any CPU.Build.0 = Debug|Any CPU
		{BCEAFD63-F455-4F4D-9052-789FC07328FB}.Release|Any CPU.ActiveCfg = Release|Any CPU
		{BCEAFD63-F455-4F4D-9052-789FC07328FB}.Release|Any CPU.Build.0 = Release|Any CPU
	EndGlobalSection
	GlobalSection(SolutionProperties) = preSolution
		HideSolutionNode = FALSE
	EndGlobalSection
EndGlobal
