
Microsoft Visual Studio Solution File, Format Version 10.00
# Visual Studio 2008
Project("{FAE04EC0-301F-11D3-BF4B-00C04F79EFBC}") = "Project181", "Project181\Project181.csproj", "{58FD0411-789E-4A31-B3BE-17E9F84B65A3}"
EndProject
Global
	GlobalSection(SolutionConfigurationPlatforms) = preSolution
		Debug|Any CPU = Debug|Any CPU
		Release|Any CPU = Release|Any CPU
	EndGlobalSection
	GlobalSection(ProjectConfigurationPlatforms) = postSolution
		{58FD0411-789E-4A31-B3BE-17E9F84B65A3}.Debug|Any CPU.ActiveCfg = Debug|Any CPU
		{58FD0411-789E-4A31-B3BE-17E9F84B65A3}.Debug|Any CPU.Build.0 = Debug|Any CPU
		{58FD0411-789E-4A31-B3BE-17E9F84B65A3}.Release|Any CPU.ActiveCfg = Release|Any CPU
		{58FD0411-789E-4A31-B3BE-17E9F84B65A3}.Release|Any CPU.Build.0 = Release|Any CPU
	EndGlobalSection
	GlobalSection(SolutionProperties) = preSolution
		HideSolutionNode = FALSE
	EndGlobalSection
EndGlobal
