
Microsoft Visual Studio Solution File, Format Version 10.00
# Visual Studio 2008
Project("{FAE04EC0-301F-11D3-BF4B-00C04F79EFBC}") = "Project183", "Project183\Project183.csproj", "{718D915F-D61B-40C4-876F-2123F5CB234E}"
EndProject
Global
	GlobalSection(SolutionConfigurationPlatforms) = preSolution
		Debug|Any CPU = Debug|Any CPU
		Release|Any CPU = Release|Any CPU
	EndGlobalSection
	GlobalSection(ProjectConfigurationPlatforms) = postSolution
		{718D915F-D61B-40C4-876F-2123F5CB234E}.Debug|Any CPU.ActiveCfg = Debug|Any CPU
		{718D915F-D61B-40C4-876F-2123F5CB234E}.Debug|Any CPU.Build.0 = Debug|Any CPU
		{718D915F-D61B-40C4-876F-2123F5CB234E}.Release|Any CPU.ActiveCfg = Release|Any CPU
		{718D915F-D61B-40C4-876F-2123F5CB234E}.Release|Any CPU.Build.0 = Release|Any CPU
	EndGlobalSection
	GlobalSection(SolutionProperties) = preSolution
		HideSolutionNode = FALSE
	EndGlobalSection
EndGlobal
