
Microsoft Visual Studio Solution File, Format Version 10.00
# Visual Studio 2008
Project("{FAE04EC0-301F-11D3-BF4B-00C04F79EFBC}") = "Project144", "Project144\Project144.csproj", "{A1510ADE-1D89-411C-8DF8-8B0EE266C608}"
EndProject
Global
	GlobalSection(SolutionConfigurationPlatforms) = preSolution
		Debug|Any CPU = Debug|Any CPU
		Release|Any CPU = Release|Any CPU
	EndGlobalSection
	GlobalSection(ProjectConfigurationPlatforms) = postSolution
		{A1510ADE-1D89-411C-8DF8-8B0EE266C608}.Debug|Any CPU.ActiveCfg = Debug|Any CPU
		{A1510ADE-1D89-411C-8DF8-8B0EE266C608}.Debug|Any CPU.Build.0 = Debug|Any CPU
		{A1510ADE-1D89-411C-8DF8-8B0EE266C608}.Release|Any CPU.ActiveCfg = Release|Any CPU
		{A1510ADE-1D89-411C-8DF8-8B0EE266C608}.Release|Any CPU.Build.0 = Release|Any CPU
	EndGlobalSection
	GlobalSection(SolutionProperties) = preSolution
		HideSolutionNode = FALSE
	EndGlobalSection
EndGlobal
