
Microsoft Visual Studio Solution File, Format Version 12.00
# Visual Studio Version 16
VisualStudioVersion = 16.0.28606.126
MinimumVisualStudioVersion = 10.0.40219.1
Project("{FAE04EC0-301F-11D3-BF4B-00C04F79EFBC}") = "Project129", "Project129\Project129.csproj", "{1A11F40E-7142-4688-876C-F743894C0016}"
EndProject
Global
	GlobalSection(SolutionConfigurationPlatforms) = preSolution
		Debug|Any CPU = Debug|Any CPU
		Release|Any CPU = Release|Any CPU
	EndGlobalSection
	GlobalSection(ProjectConfigurationPlatforms) = postSolution
		{1A11F40E-7142-4688-876C-F743894C0016}.Debug|Any CPU.ActiveCfg = Debug|Any CPU
		{1A11F40E-7142-4688-876C-F743894C0016}.Debug|Any CPU.Build.0 = Debug|Any CPU
		{1A11F40E-7142-4688-876C-F743894C0016}.Release|Any CPU.ActiveCfg = Release|Any CPU
		{1A11F40E-7142-4688-876C-F743894C0016}.Release|Any CPU.Build.0 = Release|Any CPU
	EndGlobalSection
	GlobalSection(SolutionProperties) = preSolution
		HideSolutionNode = FALSE
	EndGlobalSection
	GlobalSection(ExtensibilityGlobals) = postSolution
		SolutionGuid = {C6567AFA-12A7-4067-81B2-6608F883386E}
	EndGlobalSection
EndGlobal
