
Microsoft Visual Studio Solution File, Format Version 9.00
# Visual Studio 2005
Project("{FAE04EC0-301F-11D3-BF4B-00C04F79EFBC}") = "WinBomb", "WinBomb\WinBomb.csproj", "{0D46A681-0E49-41A0-A6C7-64863C051B39}"
EndProject
Global
	GlobalSection(SolutionConfigurationPlatforms) = preSolution
		Debug|Any CPU = Debug|Any CPU
		Release|Any CPU = Release|Any CPU
	EndGlobalSection
	GlobalSection(ProjectConfigurationPlatforms) = postSolution
		{0D46A681-0E49-41A0-A6C7-64863C051B39}.Debug|Any CPU.ActiveCfg = Debug|Any CPU
		{0D46A681-0E49-41A0-A6C7-64863C051B39}.Debug|Any CPU.Build.0 = Debug|Any CPU
		{0D46A681-0E49-41A0-A6C7-64863C051B39}.Release|Any CPU.ActiveCfg = Release|Any CPU
		{0D46A681-0E49-41A0-A6C7-64863C051B39}.Release|Any CPU.Build.0 = Release|Any CPU
	EndGlobalSection
	GlobalSection(SolutionProperties) = preSolution
		HideSolutionNode = FALSE
	EndGlobalSection
EndGlobal
